
Microsoft Visual Studio Solution File, Format Version 12.00
# Visual Studio Version 17
VisualStudioVersion = 17.10.35027.167
MinimumVisualStudioVersion = 10.0.40219.1
Project("{FAE04EC0-301F-11D3-BF4B-00C04F79EFBC}") = "Pratik_Lists_1", "Pratik_Lists_1\Pratik_Lists_1.csproj", "{C50A9BC8-21F1-4769-ABD8-9AB93BDBF5D2}"
EndProject
Global
	GlobalSection(SolutionConfigurationPlatforms) = preSolution
		Debug|Any CPU = Debug|Any CPU
		Release|Any CPU = Release|Any CPU
	EndGlobalSection
	GlobalSection(ProjectConfigurationPlatforms) = postSolution
		{C50A9BC8-21F1-4769-ABD8-9AB93BDBF5D2}.Debug|Any CPU.ActiveCfg = Debug|Any CPU
		{C50A9BC8-21F1-4769-ABD8-9AB93BDBF5D2}.Debug|Any CPU.Build.0 = Debug|Any CPU
		{C50A9BC8-21F1-4769-ABD8-9AB93BDBF5D2}.Release|Any CPU.ActiveCfg = Release|Any CPU
		{C50A9BC8-21F1-4769-ABD8-9AB93BDBF5D2}.Release|Any CPU.Build.0 = Release|Any CPU
	EndGlobalSection
	GlobalSection(SolutionProperties) = preSolution
		HideSolutionNode = FALSE
	EndGlobalSection
	GlobalSection(ExtensibilityGlobals) = postSolution
		SolutionGuid = {CABB3BC3-E73E-4BA5-9D99-1C9B658AA0C8}
	EndGlobalSection
EndGlobal
